
Microsoft Visual Studio Solution File, Format Version 12.00
# Visual Studio Version 16
VisualStudioVersion = 16.0.32413.511
MinimumVisualStudioVersion = 10.0.40219.1
Project("{FAE04EC0-301F-11D3-BF4B-00C04F79EFBC}") = "API_Academia", "API_Academia\API_Academia.csproj", "{49C843FB-229D-4542-8DAD-A113758A0643}"
EndProject
Global
	GlobalSection(SolutionConfigurationPlatforms) = preSolution
		Debug|Any CPU = Debug|Any CPU
		Release|Any CPU = Release|Any CPU
	EndGlobalSection
	GlobalSection(ProjectConfigurationPlatforms) = postSolution
		{49C843FB-229D-4542-8DAD-A113758A0643}.Debug|Any CPU.ActiveCfg = Debug|Any CPU
		{49C843FB-229D-4542-8DAD-A113758A0643}.Debug|Any CPU.Build.0 = Debug|Any CPU
		{49C843FB-229D-4542-8DAD-A113758A0643}.Release|Any CPU.ActiveCfg = Release|Any CPU
		{49C843FB-229D-4542-8DAD-A113758A0643}.Release|Any CPU.Build.0 = Release|Any CPU
	EndGlobalSection
	GlobalSection(SolutionProperties) = preSolution
		HideSolutionNode = FALSE
	EndGlobalSection
	GlobalSection(ExtensibilityGlobals) = postSolution
		SolutionGuid = {1662862A-A6A4-4626-86EB-45B8D7E1DA89}
	EndGlobalSection
EndGlobal
